// !$*UTF8*$!
{
	archiveVersion = 1;
	classes = {
	};
	objectVersion = 56;
	objects = {

/* Begin PBXBuildFile section */
		211C2C5F29D21A0A00195C57 /* DiscountRedemptions.swift in Sources */ = {isa = PBXBuildFile; fileRef = 211C2C5E29D21A0A00195C57 /* DiscountRedemptions.swift */; };
		211C2C6129D21AAC00195C57 /* GetDiscountRedemption.swift in Sources */ = {isa = PBXBuildFile; fileRef = 211C2C6029D21AAC00195C57 /* GetDiscountRedemption.swift */; };
		211C2C6329D21C3B00195C57 /* GetDiscountRedemptions.swift in Sources */ = {isa = PBXBuildFile; fileRef = 211C2C6229D21C3B00195C57 /* GetDiscountRedemptions.swift */; };
		211C2C6629D223CA00195C57 /* Customers.swift in Sources */ = {isa = PBXBuildFile; fileRef = 211C2C6529D223CA00195C57 /* Customers.swift */; };
		211C2C6829D2243B00195C57 /* GetCustomer.swift in Sources */ = {isa = PBXBuildFile; fileRef = 211C2C6729D2243B00195C57 /* GetCustomer.swift */; };
		211C2C6A29D224DC00195C57 /* GetCustomers.swift in Sources */ = {isa = PBXBuildFile; fileRef = 211C2C6929D224DC00195C57 /* GetCustomers.swift */; };
		2128D37729501885005B16C2 /* Lemon_SqueezyApp.swift in Sources */ = {isa = PBXBuildFile; fileRef = 2128D37629501885005B16C2 /* Lemon_SqueezyApp.swift */; };
		2128D37929501885005B16C2 /* ContentView.swift in Sources */ = {isa = PBXBuildFile; fileRef = 2128D37829501885005B16C2 /* ContentView.swift */; };
		2128D37B29501886005B16C2 /* Assets.xcassets in Resources */ = {isa = PBXBuildFile; fileRef = 2128D37A29501886005B16C2 /* Assets.xcassets */; };
		2128D37E29501886005B16C2 /* Preview Assets.xcassets in Resources */ = {isa = PBXBuildFile; fileRef = 2128D37D29501886005B16C2 /* Preview Assets.xcassets */; };
		2128D387295018A8005B16C2 /* LemonSqueezy in Frameworks */ = {isa = PBXBuildFile; productRef = 2128D386295018A8005B16C2 /* LemonSqueezy */; };
		2128D38D2950298A005B16C2 /* Secrets.swift in Sources */ = {isa = PBXBuildFile; fileRef = 2128D38C2950298A005B16C2 /* Secrets.swift */; };
		2128D39029502F60005B16C2 /* Users.swift in Sources */ = {isa = PBXBuildFile; fileRef = 2128D38F29502F60005B16C2 /* Users.swift */; };
		2128D39329502FC1005B16C2 /* MethodRow.swift in Sources */ = {isa = PBXBuildFile; fileRef = 2128D39229502FC1005B16C2 /* MethodRow.swift */; };
		2128D39629503002005B16C2 /* HTTPMethodBadge.swift in Sources */ = {isa = PBXBuildFile; fileRef = 2128D39529503002005B16C2 /* HTTPMethodBadge.swift */; };
		2128D39829503067005B16C2 /* GetMe.swift in Sources */ = {isa = PBXBuildFile; fileRef = 2128D39729503067005B16C2 /* GetMe.swift */; };
		2128D39D29504AAF005B16C2 /* Orders.swift in Sources */ = {isa = PBXBuildFile; fileRef = 2128D39C29504AAF005B16C2 /* Orders.swift */; };
		2128D39F29504B13005B16C2 /* GetOrders.swift in Sources */ = {isa = PBXBuildFile; fileRef = 2128D39E29504B13005B16C2 /* GetOrders.swift */; };
		2128D3A129504DC4005B16C2 /* GetOrder.swift in Sources */ = {isa = PBXBuildFile; fileRef = 2128D3A029504DC4005B16C2 /* GetOrder.swift */; };
		2128D3A429506A79005B16C2 /* Stores.swift in Sources */ = {isa = PBXBuildFile; fileRef = 2128D3A329506A79005B16C2 /* Stores.swift */; };
		2128D3A629506ACA005B16C2 /* GetStore.swift in Sources */ = {isa = PBXBuildFile; fileRef = 2128D3A529506ACA005B16C2 /* GetStore.swift */; };
		2133BFA2296DE7F800AD073F /* GetStores.swift in Sources */ = {isa = PBXBuildFile; fileRef = 2133BFA1296DE7F800AD073F /* GetStores.swift */; };
		2133BFA5296DF3F200AD073F /* Products.swift in Sources */ = {isa = PBXBuildFile; fileRef = 2133BFA4296DF3F200AD073F /* Products.swift */; };
		2133BFA7296DF4B700AD073F /* GetProduct.swift in Sources */ = {isa = PBXBuildFile; fileRef = 2133BFA6296DF4B700AD073F /* GetProduct.swift */; };
		2133BFA9296DF63000AD073F /* GetProducts.swift in Sources */ = {isa = PBXBuildFile; fileRef = 2133BFA8296DF63000AD073F /* GetProducts.swift */; };
		2133BFAC296DFC9500AD073F /* Variants.swift in Sources */ = {isa = PBXBuildFile; fileRef = 2133BFAB296DFC9500AD073F /* Variants.swift */; };
		2133BFAE296DFCDC00AD073F /* GetVariant.swift in Sources */ = {isa = PBXBuildFile; fileRef = 2133BFAD296DFCDC00AD073F /* GetVariant.swift */; };
		2133BFB0296DFCED00AD073F /* GetVariants.swift in Sources */ = {isa = PBXBuildFile; fileRef = 2133BFAF296DFCED00AD073F /* GetVariants.swift */; };
		2133BFB3296E025F00AD073F /* Files.swift in Sources */ = {isa = PBXBuildFile; fileRef = 2133BFB2296E025F00AD073F /* Files.swift */; };
		2133BFB5296E026700AD073F /* GetFile.swift in Sources */ = {isa = PBXBuildFile; fileRef = 2133BFB4296E026700AD073F /* GetFile.swift */; };
		2133BFB7296E026E00AD073F /* GetFiles.swift in Sources */ = {isa = PBXBuildFile; fileRef = 2133BFB6296E026E00AD073F /* GetFiles.swift */; };
		2133BFBA296E072900AD073F /* OrderItems.swift in Sources */ = {isa = PBXBuildFile; fileRef = 2133BFB9296E072900AD073F /* OrderItems.swift */; };
		2133BFBC296E073400AD073F /* GetOrderItems.swift in Sources */ = {isa = PBXBuildFile; fileRef = 2133BFBB296E073400AD073F /* GetOrderItems.swift */; };
		2133BFBE296E073900AD073F /* GetOrderItem.swift in Sources */ = {isa = PBXBuildFile; fileRef = 2133BFBD296E073900AD073F /* GetOrderItem.swift */; };
		2146B0D6296E8A7A004FC237 /* Subscriptions.swift in Sources */ = {isa = PBXBuildFile; fileRef = 2146B0D5296E8A7A004FC237 /* Subscriptions.swift */; };
		2146B0D8296E8A7F004FC237 /* GetSubscription.swift in Sources */ = {isa = PBXBuildFile; fileRef = 2146B0D7296E8A7F004FC237 /* GetSubscription.swift */; };
		2146B0DA296E8A84004FC237 /* GetSubscriptions.swift in Sources */ = {isa = PBXBuildFile; fileRef = 2146B0D9296E8A84004FC237 /* GetSubscriptions.swift */; };
		2146B0DC296E908A004FC237 /* UpdateSubscription.swift in Sources */ = {isa = PBXBuildFile; fileRef = 2146B0DB296E908A004FC237 /* UpdateSubscription.swift */; };
		2146B0DE296EA27F004FC237 /* CancelSubscription.swift in Sources */ = {isa = PBXBuildFile; fileRef = 2146B0DD296EA27F004FC237 /* CancelSubscription.swift */; };
		2146B0E1296EAC7F004FC237 /* Discounts.swift in Sources */ = {isa = PBXBuildFile; fileRef = 2146B0E0296EAC7F004FC237 /* Discounts.swift */; };
		2146B0E3296EAC84004FC237 /* GetDiscount.swift in Sources */ = {isa = PBXBuildFile; fileRef = 2146B0E2296EAC84004FC237 /* GetDiscount.swift */; };
		2146B0E5296EAC89004FC237 /* GetDiscounts.swift in Sources */ = {isa = PBXBuildFile; fileRef = 2146B0E4296EAC89004FC237 /* GetDiscounts.swift */; };
		214D7A62296EB1A9007B72D2 /* LicenseKeys.swift in Sources */ = {isa = PBXBuildFile; fileRef = 214D7A61296EB1A9007B72D2 /* LicenseKeys.swift */; };
		214D7A64296EB1B0007B72D2 /* GetLicenseKey.swift in Sources */ = {isa = PBXBuildFile; fileRef = 214D7A63296EB1B0007B72D2 /* GetLicenseKey.swift */; };
		214D7A66296EB1B6007B72D2 /* GetLicenseKeys.swift in Sources */ = {isa = PBXBuildFile; fileRef = 214D7A65296EB1B6007B72D2 /* GetLicenseKeys.swift */; };
		214D7A69296EB6CD007B72D2 /* LicenseKeyInstances.swift in Sources */ = {isa = PBXBuildFile; fileRef = 214D7A68296EB6CD007B72D2 /* LicenseKeyInstances.swift */; };
		214D7A6B296EB6D4007B72D2 /* GetLicenseKeyInstance.swift in Sources */ = {isa = PBXBuildFile; fileRef = 214D7A6A296EB6D4007B72D2 /* GetLicenseKeyInstance.swift */; };
		214D7A6D296EB6D9007B72D2 /* GetLicenseKeyInstances.swift in Sources */ = {isa = PBXBuildFile; fileRef = 214D7A6C296EB6D9007B72D2 /* GetLicenseKeyInstances.swift */; };
		214D7A70296EBD7F007B72D2 /* Checkouts.swift in Sources */ = {isa = PBXBuildFile; fileRef = 214D7A6F296EBD7F007B72D2 /* Checkouts.swift */; };
		214D7A72296EBD86007B72D2 /* GetCheckout.swift in Sources */ = {isa = PBXBuildFile; fileRef = 214D7A71296EBD86007B72D2 /* GetCheckout.swift */; };
		214D7A74296EBD8A007B72D2 /* GetCheckouts.swift in Sources */ = {isa = PBXBuildFile; fileRef = 214D7A73296EBD8A007B72D2 /* GetCheckouts.swift */; };
		214D7A76296EBD92007B72D2 /* CreateCheckout.swift in Sources */ = {isa = PBXBuildFile; fileRef = 214D7A75296EBD92007B72D2 /* CreateCheckout.swift */; };
		21B2D96F298FB8E7005CC8FB /* License.swift in Sources */ = {isa = PBXBuildFile; fileRef = 21B2D96E298FB8E7005CC8FB /* License.swift */; };
		21B2D971298FB91C005CC8FB /* ActivateLicenseView.swift in Sources */ = {isa = PBXBuildFile; fileRef = 21B2D970298FB91C005CC8FB /* ActivateLicenseView.swift */; };
		21B46739298FDE9B001973CF /* ValidateLicenseView.swift in Sources */ = {isa = PBXBuildFile; fileRef = 21B46738298FDE9B001973CF /* ValidateLicenseView.swift */; };
		21B4673B298FDFCA001973CF /* DeactivateLicenseView.swift in Sources */ = {isa = PBXBuildFile; fileRef = 21B4673A298FDFCA001973CF /* DeactivateLicenseView.swift */; };
		21DB13EC2AD16BC800B89E95 /* SubscriptionInvoices.swift in Sources */ = {isa = PBXBuildFile; fileRef = 21DB13EB2AD16BC800B89E95 /* SubscriptionInvoices.swift */; };
		21DB13EE2AD16C4600B89E95 /* GetSubscriptionInvoice.swift in Sources */ = {isa = PBXBuildFile; fileRef = 21DB13ED2AD16C4600B89E95 /* GetSubscriptionInvoice.swift */; };
		21DB13F22AD1924300B89E95 /* GetSubscriptionInvoices.swift in Sources */ = {isa = PBXBuildFile; fileRef = 21DB13F12AD1924300B89E95 /* GetSubscriptionInvoices.swift */; };
		21DB13F52AD1939500B89E95 /* SubscriptionItems.swift in Sources */ = {isa = PBXBuildFile; fileRef = 21DB13F42AD1939500B89E95 /* SubscriptionItems.swift */; };
		21DB13F72AD193CE00B89E95 /* GetSubscriptionItem.swift in Sources */ = {isa = PBXBuildFile; fileRef = 21DB13F62AD193CE00B89E95 /* GetSubscriptionItem.swift */; };
		21DB13F92AD193D500B89E95 /* GetSubscriptionItems.swift in Sources */ = {isa = PBXBuildFile; fileRef = 21DB13F82AD193D500B89E95 /* GetSubscriptionItems.swift */; };
		21DB13FB2AD19CD600B89E95 /* UpdateSubscriptionItem.swift in Sources */ = {isa = PBXBuildFile; fileRef = 21DB13FA2AD19CD600B89E95 /* UpdateSubscriptionItem.swift */; };
		21DB13FD2AD1A66800B89E95 /* GetSubscriptionItemCurrentUsage.swift in Sources */ = {isa = PBXBuildFile; fileRef = 21DB13FC2AD1A66800B89E95 /* GetSubscriptionItemCurrentUsage.swift */; };
		21DB14002AD1C7B500B89E95 /* Prices.swift in Sources */ = {isa = PBXBuildFile; fileRef = 21DB13FF2AD1C7B500B89E95 /* Prices.swift */; };
		21DB14022AD1C83C00B89E95 /* GetPrice.swift in Sources */ = {isa = PBXBuildFile; fileRef = 21DB14012AD1C83C00B89E95 /* GetPrice.swift */; };
		21DB14042AD1C84B00B89E95 /* GetPrices.swift in Sources */ = {isa = PBXBuildFile; fileRef = 21DB14032AD1C84B00B89E95 /* GetPrices.swift */; };
		21DB14072AD1D60600B89E95 /* UsageRecords.swift in Sources */ = {isa = PBXBuildFile; fileRef = 21DB14062AD1D60600B89E95 /* UsageRecords.swift */; };
		21DB14092AD1D63100B89E95 /* GetUsageRecord.swift in Sources */ = {isa = PBXBuildFile; fileRef = 21DB14082AD1D63100B89E95 /* GetUsageRecord.swift */; };
		21DB140B2AD1D63700B89E95 /* GetUsageRecords.swift in Sources */ = {isa = PBXBuildFile; fileRef = 21DB140A2AD1D63700B89E95 /* GetUsageRecords.swift */; };
		21DB140E2AD1DE9A00B89E95 /* Webhooks.swift in Sources */ = {isa = PBXBuildFile; fileRef = 21DB140D2AD1DE9A00B89E95 /* Webhooks.swift */; };
		21DB14102AD1DEA200B89E95 /* GetWebhook.swift in Sources */ = {isa = PBXBuildFile; fileRef = 21DB140F2AD1DEA200B89E95 /* GetWebhook.swift */; };
		21DB14122AD1DEA900B89E95 /* GetWebhooks.swift in Sources */ = {isa = PBXBuildFile; fileRef = 21DB14112AD1DEA900B89E95 /* GetWebhooks.swift */; };
/* End PBXBuildFile section */

/* Begin PBXFileReference section */
		211C2C5E29D21A0A00195C57 /* DiscountRedemptions.swift */ = {isa = PBXFileReference; lastKnownFileType = sourcecode.swift; path = DiscountRedemptions.swift; sourceTree = "<group>"; };
		211C2C6029D21AAC00195C57 /* GetDiscountRedemption.swift */ = {isa = PBXFileReference; lastKnownFileType = sourcecode.swift; path = GetDiscountRedemption.swift; sourceTree = "<group>"; };
		211C2C6229D21C3B00195C57 /* GetDiscountRedemptions.swift */ = {isa = PBXFileReference; lastKnownFileType = sourcecode.swift; path = GetDiscountRedemptions.swift; sourceTree = "<group>"; };
		211C2C6529D223CA00195C57 /* Customers.swift */ = {isa = PBXFileReference; lastKnownFileType = sourcecode.swift; path = Customers.swift; sourceTree = "<group>"; };
		211C2C6729D2243B00195C57 /* GetCustomer.swift */ = {isa = PBXFileReference; lastKnownFileType = sourcecode.swift; path = GetCustomer.swift; sourceTree = "<group>"; };
		211C2C6929D224DC00195C57 /* GetCustomers.swift */ = {isa = PBXFileReference; lastKnownFileType = sourcecode.swift; path = GetCustomers.swift; sourceTree = "<group>"; };
		2128D37329501885005B16C2 /* Lemon Squeezy.app */ = {isa = PBXFileReference; explicitFileType = wrapper.application; includeInIndex = 0; path = "Lemon Squeezy.app"; sourceTree = BUILT_PRODUCTS_DIR; };
		2128D37629501885005B16C2 /* Lemon_SqueezyApp.swift */ = {isa = PBXFileReference; lastKnownFileType = sourcecode.swift; path = Lemon_SqueezyApp.swift; sourceTree = "<group>"; };
		2128D37829501885005B16C2 /* ContentView.swift */ = {isa = PBXFileReference; lastKnownFileType = sourcecode.swift; path = ContentView.swift; sourceTree = "<group>"; };
		2128D37A29501886005B16C2 /* Assets.xcassets */ = {isa = PBXFileReference; lastKnownFileType = folder.assetcatalog; path = Assets.xcassets; sourceTree = "<group>"; };
		2128D37D29501886005B16C2 /* Preview Assets.xcassets */ = {isa = PBXFileReference; lastKnownFileType = folder.assetcatalog; path = "Preview Assets.xcassets"; sourceTree = "<group>"; };
		2128D3842950189D005B16C2 /* LemonSqueezy */ = {isa = PBXFileReference; lastKnownFileType = wrapper; name = LemonSqueezy; path = ../LemonSqueezy; sourceTree = "<group>"; };
		2128D38C2950298A005B16C2 /* Secrets.swift */ = {isa = PBXFileReference; fileEncoding = 4; lastKnownFileType = sourcecode.swift; path = Secrets.swift; sourceTree = "<group>"; };
		2128D38F29502F60005B16C2 /* Users.swift */ = {isa = PBXFileReference; lastKnownFileType = sourcecode.swift; path = Users.swift; sourceTree = "<group>"; };
		2128D39229502FC1005B16C2 /* MethodRow.swift */ = {isa = PBXFileReference; lastKnownFileType = sourcecode.swift; path = MethodRow.swift; sourceTree = "<group>"; };
		2128D39529503002005B16C2 /* HTTPMethodBadge.swift */ = {isa = PBXFileReference; lastKnownFileType = sourcecode.swift; path = HTTPMethodBadge.swift; sourceTree = "<group>"; };
		2128D39729503067005B16C2 /* GetMe.swift */ = {isa = PBXFileReference; lastKnownFileType = sourcecode.swift; path = GetMe.swift; sourceTree = "<group>"; };
		2128D39929504070005B16C2 /* README.md */ = {isa = PBXFileReference; fileEncoding = 4; lastKnownFileType = net.daringfireball.markdown; name = README.md; path = "/Users/ram/Developer/Lemon/Lemon Squeezy/README.md"; sourceTree = "<absolute>"; };
		2128D39C29504AAF005B16C2 /* Orders.swift */ = {isa = PBXFileReference; lastKnownFileType = sourcecode.swift; path = Orders.swift; sourceTree = "<group>"; };
		2128D39E29504B13005B16C2 /* GetOrders.swift */ = {isa = PBXFileReference; lastKnownFileType = sourcecode.swift; path = GetOrders.swift; sourceTree = "<group>"; };
		2128D3A029504DC4005B16C2 /* GetOrder.swift */ = {isa = PBXFileReference; lastKnownFileType = sourcecode.swift; path = GetOrder.swift; sourceTree = "<group>"; };
		2128D3A329506A79005B16C2 /* Stores.swift */ = {isa = PBXFileReference; lastKnownFileType = sourcecode.swift; path = Stores.swift; sourceTree = "<group>"; };
		2128D3A529506ACA005B16C2 /* GetStore.swift */ = {isa = PBXFileReference; lastKnownFileType = sourcecode.swift; path = GetStore.swift; sourceTree = "<group>"; };
		2133BFA1296DE7F800AD073F /* GetStores.swift */ = {isa = PBXFileReference; lastKnownFileType = sourcecode.swift; path = GetStores.swift; sourceTree = "<group>"; };
		2133BFA4296DF3F200AD073F /* Products.swift */ = {isa = PBXFileReference; lastKnownFileType = sourcecode.swift; path = Products.swift; sourceTree = "<group>"; };
		2133BFA6296DF4B700AD073F /* GetProduct.swift */ = {isa = PBXFileReference; lastKnownFileType = sourcecode.swift; path = GetProduct.swift; sourceTree = "<group>"; };
		2133BFA8296DF63000AD073F /* GetProducts.swift */ = {isa = PBXFileReference; lastKnownFileType = sourcecode.swift; path = GetProducts.swift; sourceTree = "<group>"; };
		2133BFAB296DFC9500AD073F /* Variants.swift */ = {isa = PBXFileReference; lastKnownFileType = sourcecode.swift; path = Variants.swift; sourceTree = "<group>"; };
		2133BFAD296DFCDC00AD073F /* GetVariant.swift */ = {isa = PBXFileReference; lastKnownFileType = sourcecode.swift; path = GetVariant.swift; sourceTree = "<group>"; };
		2133BFAF296DFCED00AD073F /* GetVariants.swift */ = {isa = PBXFileReference; lastKnownFileType = sourcecode.swift; path = GetVariants.swift; sourceTree = "<group>"; };
		2133BFB2296E025F00AD073F /* Files.swift */ = {isa = PBXFileReference; lastKnownFileType = sourcecode.swift; path = Files.swift; sourceTree = "<group>"; };
		2133BFB4296E026700AD073F /* GetFile.swift */ = {isa = PBXFileReference; lastKnownFileType = sourcecode.swift; path = GetFile.swift; sourceTree = "<group>"; };
		2133BFB6296E026E00AD073F /* GetFiles.swift */ = {isa = PBXFileReference; lastKnownFileType = sourcecode.swift; path = GetFiles.swift; sourceTree = "<group>"; };
		2133BFB9296E072900AD073F /* OrderItems.swift */ = {isa = PBXFileReference; lastKnownFileType = sourcecode.swift; path = OrderItems.swift; sourceTree = "<group>"; };
		2133BFBB296E073400AD073F /* GetOrderItems.swift */ = {isa = PBXFileReference; lastKnownFileType = sourcecode.swift; path = GetOrderItems.swift; sourceTree = "<group>"; };
		2133BFBD296E073900AD073F /* GetOrderItem.swift */ = {isa = PBXFileReference; lastKnownFileType = sourcecode.swift; path = GetOrderItem.swift; sourceTree = "<group>"; };
		2146B0D5296E8A7A004FC237 /* Subscriptions.swift */ = {isa = PBXFileReference; lastKnownFileType = sourcecode.swift; path = Subscriptions.swift; sourceTree = "<group>"; };
		2146B0D7296E8A7F004FC237 /* GetSubscription.swift */ = {isa = PBXFileReference; lastKnownFileType = sourcecode.swift; path = GetSubscription.swift; sourceTree = "<group>"; };
		2146B0D9296E8A84004FC237 /* GetSubscriptions.swift */ = {isa = PBXFileReference; lastKnownFileType = sourcecode.swift; path = GetSubscriptions.swift; sourceTree = "<group>"; };
		2146B0DB296E908A004FC237 /* UpdateSubscription.swift */ = {isa = PBXFileReference; lastKnownFileType = sourcecode.swift; path = UpdateSubscription.swift; sourceTree = "<group>"; };
		2146B0DD296EA27F004FC237 /* CancelSubscription.swift */ = {isa = PBXFileReference; lastKnownFileType = sourcecode.swift; path = CancelSubscription.swift; sourceTree = "<group>"; };
		2146B0E0296EAC7F004FC237 /* Discounts.swift */ = {isa = PBXFileReference; lastKnownFileType = sourcecode.swift; path = Discounts.swift; sourceTree = "<group>"; };
		2146B0E2296EAC84004FC237 /* GetDiscount.swift */ = {isa = PBXFileReference; lastKnownFileType = sourcecode.swift; path = GetDiscount.swift; sourceTree = "<group>"; };
		2146B0E4296EAC89004FC237 /* GetDiscounts.swift */ = {isa = PBXFileReference; lastKnownFileType = sourcecode.swift; path = GetDiscounts.swift; sourceTree = "<group>"; };
		214D7A61296EB1A9007B72D2 /* LicenseKeys.swift */ = {isa = PBXFileReference; lastKnownFileType = sourcecode.swift; path = LicenseKeys.swift; sourceTree = "<group>"; };
		214D7A63296EB1B0007B72D2 /* GetLicenseKey.swift */ = {isa = PBXFileReference; lastKnownFileType = sourcecode.swift; path = GetLicenseKey.swift; sourceTree = "<group>"; };
		214D7A65296EB1B6007B72D2 /* GetLicenseKeys.swift */ = {isa = PBXFileReference; lastKnownFileType = sourcecode.swift; path = GetLicenseKeys.swift; sourceTree = "<group>"; };
		214D7A68296EB6CD007B72D2 /* LicenseKeyInstances.swift */ = {isa = PBXFileReference; lastKnownFileType = sourcecode.swift; path = LicenseKeyInstances.swift; sourceTree = "<group>"; };
		214D7A6A296EB6D4007B72D2 /* GetLicenseKeyInstance.swift */ = {isa = PBXFileReference; lastKnownFileType = sourcecode.swift; path = GetLicenseKeyInstance.swift; sourceTree = "<group>"; };
		214D7A6C296EB6D9007B72D2 /* GetLicenseKeyInstances.swift */ = {isa = PBXFileReference; lastKnownFileType = sourcecode.swift; path = GetLicenseKeyInstances.swift; sourceTree = "<group>"; };
		214D7A6F296EBD7F007B72D2 /* Checkouts.swift */ = {isa = PBXFileReference; lastKnownFileType = sourcecode.swift; path = Checkouts.swift; sourceTree = "<group>"; };
		214D7A71296EBD86007B72D2 /* GetCheckout.swift */ = {isa = PBXFileReference; lastKnownFileType = sourcecode.swift; path = GetCheckout.swift; sourceTree = "<group>"; };
		214D7A73296EBD8A007B72D2 /* GetCheckouts.swift */ = {isa = PBXFileReference; lastKnownFileType = sourcecode.swift; path = GetCheckouts.swift; sourceTree = "<group>"; };
		214D7A75296EBD92007B72D2 /* CreateCheckout.swift */ = {isa = PBXFileReference; lastKnownFileType = sourcecode.swift; path = CreateCheckout.swift; sourceTree = "<group>"; };
		21B2D96E298FB8E7005CC8FB /* License.swift */ = {isa = PBXFileReference; lastKnownFileType = sourcecode.swift; path = License.swift; sourceTree = "<group>"; };
		21B2D970298FB91C005CC8FB /* ActivateLicenseView.swift */ = {isa = PBXFileReference; lastKnownFileType = sourcecode.swift; path = ActivateLicenseView.swift; sourceTree = "<group>"; };
		21B46738298FDE9B001973CF /* ValidateLicenseView.swift */ = {isa = PBXFileReference; lastKnownFileType = sourcecode.swift; path = ValidateLicenseView.swift; sourceTree = "<group>"; };
		21B4673A298FDFCA001973CF /* DeactivateLicenseView.swift */ = {isa = PBXFileReference; lastKnownFileType = sourcecode.swift; path = DeactivateLicenseView.swift; sourceTree = "<group>"; };
		21DB13EB2AD16BC800B89E95 /* SubscriptionInvoices.swift */ = {isa = PBXFileReference; lastKnownFileType = sourcecode.swift; path = SubscriptionInvoices.swift; sourceTree = "<group>"; };
		21DB13ED2AD16C4600B89E95 /* GetSubscriptionInvoice.swift */ = {isa = PBXFileReference; lastKnownFileType = sourcecode.swift; path = GetSubscriptionInvoice.swift; sourceTree = "<group>"; };
		21DB13F12AD1924300B89E95 /* GetSubscriptionInvoices.swift */ = {isa = PBXFileReference; lastKnownFileType = sourcecode.swift; path = GetSubscriptionInvoices.swift; sourceTree = "<group>"; };
		21DB13F42AD1939500B89E95 /* SubscriptionItems.swift */ = {isa = PBXFileReference; lastKnownFileType = sourcecode.swift; path = SubscriptionItems.swift; sourceTree = "<group>"; };
		21DB13F62AD193CE00B89E95 /* GetSubscriptionItem.swift */ = {isa = PBXFileReference; lastKnownFileType = sourcecode.swift; path = GetSubscriptionItem.swift; sourceTree = "<group>"; };
		21DB13F82AD193D500B89E95 /* GetSubscriptionItems.swift */ = {isa = PBXFileReference; lastKnownFileType = sourcecode.swift; path = GetSubscriptionItems.swift; sourceTree = "<group>"; };
		21DB13FA2AD19CD600B89E95 /* UpdateSubscriptionItem.swift */ = {isa = PBXFileReference; lastKnownFileType = sourcecode.swift; path = UpdateSubscriptionItem.swift; sourceTree = "<group>"; };
		21DB13FC2AD1A66800B89E95 /* GetSubscriptionItemCurrentUsage.swift */ = {isa = PBXFileReference; lastKnownFileType = sourcecode.swift; path = GetSubscriptionItemCurrentUsage.swift; sourceTree = "<group>"; };
		21DB13FF2AD1C7B500B89E95 /* Prices.swift */ = {isa = PBXFileReference; lastKnownFileType = sourcecode.swift; path = Prices.swift; sourceTree = "<group>"; };
		21DB14012AD1C83C00B89E95 /* GetPrice.swift */ = {isa = PBXFileReference; lastKnownFileType = sourcecode.swift; path = GetPrice.swift; sourceTree = "<group>"; };
		21DB14032AD1C84B00B89E95 /* GetPrices.swift */ = {isa = PBXFileReference; lastKnownFileType = sourcecode.swift; path = GetPrices.swift; sourceTree = "<group>"; };
		21DB14062AD1D60600B89E95 /* UsageRecords.swift */ = {isa = PBXFileReference; lastKnownFileType = sourcecode.swift; path = UsageRecords.swift; sourceTree = "<group>"; };
		21DB14082AD1D63100B89E95 /* GetUsageRecord.swift */ = {isa = PBXFileReference; lastKnownFileType = sourcecode.swift; path = GetUsageRecord.swift; sourceTree = "<group>"; };
		21DB140A2AD1D63700B89E95 /* GetUsageRecords.swift */ = {isa = PBXFileReference; lastKnownFileType = sourcecode.swift; path = GetUsageRecords.swift; sourceTree = "<group>"; };
		21DB140D2AD1DE9A00B89E95 /* Webhooks.swift */ = {isa = PBXFileReference; lastKnownFileType = sourcecode.swift; path = Webhooks.swift; sourceTree = "<group>"; };
		21DB140F2AD1DEA200B89E95 /* GetWebhook.swift */ = {isa = PBXFileReference; lastKnownFileType = sourcecode.swift; path = GetWebhook.swift; sourceTree = "<group>"; };
		21DB14112AD1DEA900B89E95 /* GetWebhooks.swift */ = {isa = PBXFileReference; lastKnownFileType = sourcecode.swift; path = GetWebhooks.swift; sourceTree = "<group>"; };
/* End PBXFileReference section */

/* Begin PBXFrameworksBuildPhase section */
		2128D37029501885005B16C2 /* Frameworks */ = {
			isa = PBXFrameworksBuildPhase;
			buildActionMask = 2147483647;
			files = (
				2128D387295018A8005B16C2 /* LemonSqueezy in Frameworks */,
			);
			runOnlyForDeploymentPostprocessing = 0;
		};
/* End PBXFrameworksBuildPhase section */

/* Begin PBXGroup section */
		211C2C5D29D219F000195C57 /* DiscountRedemption */ = {
			isa = PBXGroup;
			children = (
				211C2C5E29D21A0A00195C57 /* DiscountRedemptions.swift */,
				211C2C6029D21AAC00195C57 /* GetDiscountRedemption.swift */,
				211C2C6229D21C3B00195C57 /* GetDiscountRedemptions.swift */,
			);
			path = DiscountRedemption;
			sourceTree = "<group>";
		};
		211C2C6429D223B700195C57 /* Customers */ = {
			isa = PBXGroup;
			children = (
				211C2C6529D223CA00195C57 /* Customers.swift */,
				211C2C6729D2243B00195C57 /* GetCustomer.swift */,
				211C2C6929D224DC00195C57 /* GetCustomers.swift */,
			);
			path = Customers;
			sourceTree = "<group>";
		};
		2128D36A29501885005B16C2 = {
			isa = PBXGroup;
			children = (
				2128D39929504070005B16C2 /* README.md */,
				2128D3842950189D005B16C2 /* LemonSqueezy */,
				2128D37529501885005B16C2 /* Lemon Squeezy */,
				2128D37429501885005B16C2 /* Products */,
				2128D385295018A8005B16C2 /* Frameworks */,
			);
			sourceTree = "<group>";
		};
		2128D37429501885005B16C2 /* Products */ = {
			isa = PBXGroup;
			children = (
				2128D37329501885005B16C2 /* Lemon Squeezy.app */,
			);
			name = Products;
			sourceTree = "<group>";
		};
		2128D37529501885005B16C2 /* Lemon Squeezy */ = {
			isa = PBXGroup;
			children = (
				21DB140C2AD1DE9300B89E95 /* Webhook */,
				21DB14052AD1D5FB00B89E95 /* UsageRecord */,
				21DB13FE2AD1C7AA00B89E95 /* Price */,
				2128D38E29502F56005B16C2 /* Users */,
				211C2C6429D223B700195C57 /* Customers */,
				2128D3A229506A66005B16C2 /* Store */,
				2133BFA3296DF3E300AD073F /* Product */,
				2133BFAA296DFC5E00AD073F /* Variant */,
				2133BFB1296E024B00AD073F /* File */,
				2128D39B29504AA4005B16C2 /* Orders */,
				2133BFB8296E071B00AD073F /* OrderItem */,
				2146B0CE296E8A41004FC237 /* Subscription */,
				21DB13EA2AD16BA100B89E95 /* SubscriptionInvoice */,
				21DB13F32AD1937C00B89E95 /* SubscriptionItem */,
				2146B0DF296EAC73004FC237 /* Discount */,
				211C2C5D29D219F000195C57 /* DiscountRedemption */,
				21B2D96D298FB8C9005CC8FB /* License */,
				214D7A60296EB196007B72D2 /* LicenseKey */,
				214D7A67296EB6BD007B72D2 /* LicenseKeyInstance */,
				214D7A6E296EBD6A007B72D2 /* Checkout */,
				2128D39129502FB0005B16C2 /* Helper Views */,
				2128D37629501885005B16C2 /* Lemon_SqueezyApp.swift */,
				2128D38C2950298A005B16C2 /* Secrets.swift */,
				2128D37829501885005B16C2 /* ContentView.swift */,
				2128D37A29501886005B16C2 /* Assets.xcassets */,
				2128D37C29501886005B16C2 /* Preview Content */,
			);
			path = "Lemon Squeezy";
			sourceTree = "<group>";
		};
		2128D37C29501886005B16C2 /* Preview Content */ = {
			isa = PBXGroup;
			children = (
				2128D37D29501886005B16C2 /* Preview Assets.xcassets */,
			);
			path = "Preview Content";
			sourceTree = "<group>";
		};
		2128D385295018A8005B16C2 /* Frameworks */ = {
			isa = PBXGroup;
			children = (
			);
			name = Frameworks;
			sourceTree = "<group>";
		};
		2128D38E29502F56005B16C2 /* Users */ = {
			isa = PBXGroup;
			children = (
				2128D38F29502F60005B16C2 /* Users.swift */,
				2128D39729503067005B16C2 /* GetMe.swift */,
			);
			path = Users;
			sourceTree = "<group>";
		};
		2128D39129502FB0005B16C2 /* Helper Views */ = {
			isa = PBXGroup;
			children = (
				2128D39229502FC1005B16C2 /* MethodRow.swift */,
				2128D39529503002005B16C2 /* HTTPMethodBadge.swift */,
			);
			path = "Helper Views";
			sourceTree = "<group>";
		};
		2128D39B29504AA4005B16C2 /* Orders */ = {
			isa = PBXGroup;
			children = (
				2128D39C29504AAF005B16C2 /* Orders.swift */,
				2128D3A029504DC4005B16C2 /* GetOrder.swift */,
				2128D39E29504B13005B16C2 /* GetOrders.swift */,
			);
			path = Orders;
			sourceTree = "<group>";
		};
		2128D3A229506A66005B16C2 /* Store */ = {
			isa = PBXGroup;
			children = (
				2128D3A329506A79005B16C2 /* Stores.swift */,
				2128D3A529506ACA005B16C2 /* GetStore.swift */,
				2133BFA1296DE7F800AD073F /* GetStores.swift */,
			);
			path = Store;
			sourceTree = "<group>";
		};
		2133BFA3296DF3E300AD073F /* Product */ = {
			isa = PBXGroup;
			children = (
				2133BFA4296DF3F200AD073F /* Products.swift */,
				2133BFA6296DF4B700AD073F /* GetProduct.swift */,
				2133BFA8296DF63000AD073F /* GetProducts.swift */,
			);
			path = Product;
			sourceTree = "<group>";
		};
		2133BFAA296DFC5E00AD073F /* Variant */ = {
			isa = PBXGroup;
			children = (
				2133BFAB296DFC9500AD073F /* Variants.swift */,
				2133BFAD296DFCDC00AD073F /* GetVariant.swift */,
				2133BFAF296DFCED00AD073F /* GetVariants.swift */,
			);
			path = Variant;
			sourceTree = "<group>";
		};
		2133BFB1296E024B00AD073F /* File */ = {
			isa = PBXGroup;
			children = (
				2133BFB2296E025F00AD073F /* Files.swift */,
				2133BFB4296E026700AD073F /* GetFile.swift */,
				2133BFB6296E026E00AD073F /* GetFiles.swift */,
			);
			path = File;
			sourceTree = "<group>";
		};
		2133BFB8296E071B00AD073F /* OrderItem */ = {
			isa = PBXGroup;
			children = (
				2133BFB9296E072900AD073F /* OrderItems.swift */,
				2133BFBB296E073400AD073F /* GetOrderItems.swift */,
				2133BFBD296E073900AD073F /* GetOrderItem.swift */,
			);
			path = OrderItem;
			sourceTree = "<group>";
		};
		2146B0CE296E8A41004FC237 /* Subscription */ = {
			isa = PBXGroup;
			children = (
				2146B0D5296E8A7A004FC237 /* Subscriptions.swift */,
				2146B0D7296E8A7F004FC237 /* GetSubscription.swift */,
				2146B0D9296E8A84004FC237 /* GetSubscriptions.swift */,
				2146B0DB296E908A004FC237 /* UpdateSubscription.swift */,
				2146B0DD296EA27F004FC237 /* CancelSubscription.swift */,
			);
			path = Subscription;
			sourceTree = "<group>";
		};
		2146B0DF296EAC73004FC237 /* Discount */ = {
			isa = PBXGroup;
			children = (
				2146B0E0296EAC7F004FC237 /* Discounts.swift */,
				2146B0E2296EAC84004FC237 /* GetDiscount.swift */,
				2146B0E4296EAC89004FC237 /* GetDiscounts.swift */,
			);
			path = Discount;
			sourceTree = "<group>";
		};
		214D7A60296EB196007B72D2 /* LicenseKey */ = {
			isa = PBXGroup;
			children = (
				214D7A61296EB1A9007B72D2 /* LicenseKeys.swift */,
				214D7A63296EB1B0007B72D2 /* GetLicenseKey.swift */,
				214D7A65296EB1B6007B72D2 /* GetLicenseKeys.swift */,
			);
			path = LicenseKey;
			sourceTree = "<group>";
		};
		214D7A67296EB6BD007B72D2 /* LicenseKeyInstance */ = {
			isa = PBXGroup;
			children = (
				214D7A68296EB6CD007B72D2 /* LicenseKeyInstances.swift */,
				214D7A6A296EB6D4007B72D2 /* GetLicenseKeyInstance.swift */,
				214D7A6C296EB6D9007B72D2 /* GetLicenseKeyInstances.swift */,
			);
			path = LicenseKeyInstance;
			sourceTree = "<group>";
		};
		214D7A6E296EBD6A007B72D2 /* Checkout */ = {
			isa = PBXGroup;
			children = (
				214D7A6F296EBD7F007B72D2 /* Checkouts.swift */,
				214D7A71296EBD86007B72D2 /* GetCheckout.swift */,
				214D7A73296EBD8A007B72D2 /* GetCheckouts.swift */,
				214D7A75296EBD92007B72D2 /* CreateCheckout.swift */,
			);
			path = Checkout;
			sourceTree = "<group>";
		};
		21B2D96D298FB8C9005CC8FB /* License */ = {
			isa = PBXGroup;
			children = (
				21B2D96E298FB8E7005CC8FB /* License.swift */,
				21B2D970298FB91C005CC8FB /* ActivateLicenseView.swift */,
				21B46738298FDE9B001973CF /* ValidateLicenseView.swift */,
				21B4673A298FDFCA001973CF /* DeactivateLicenseView.swift */,
			);
			path = License;
			sourceTree = "<group>";
		};
		21DB13EA2AD16BA100B89E95 /* SubscriptionInvoice */ = {
			isa = PBXGroup;
			children = (
				21DB13EB2AD16BC800B89E95 /* SubscriptionInvoices.swift */,
				21DB13ED2AD16C4600B89E95 /* GetSubscriptionInvoice.swift */,
				21DB13F12AD1924300B89E95 /* GetSubscriptionInvoices.swift */,
			);
			path = SubscriptionInvoice;
			sourceTree = "<group>";
		};
		21DB13F32AD1937C00B89E95 /* SubscriptionItem */ = {
			isa = PBXGroup;
			children = (
				21DB13F42AD1939500B89E95 /* SubscriptionItems.swift */,
				21DB13F62AD193CE00B89E95 /* GetSubscriptionItem.swift */,
				21DB13F82AD193D500B89E95 /* GetSubscriptionItems.swift */,
				21DB13FA2AD19CD600B89E95 /* UpdateSubscriptionItem.swift */,
				21DB13FC2AD1A66800B89E95 /* GetSubscriptionItemCurrentUsage.swift */,
			);
			path = SubscriptionItem;
			sourceTree = "<group>";
		};
		21DB13FE2AD1C7AA00B89E95 /* Price */ = {
			isa = PBXGroup;
			children = (
				21DB13FF2AD1C7B500B89E95 /* Prices.swift */,
				21DB14012AD1C83C00B89E95 /* GetPrice.swift */,
				21DB14032AD1C84B00B89E95 /* GetPrices.swift */,
			);
			path = Price;
			sourceTree = "<group>";
		};
		21DB14052AD1D5FB00B89E95 /* UsageRecord */ = {
			isa = PBXGroup;
			children = (
				21DB14062AD1D60600B89E95 /* UsageRecords.swift */,
				21DB14082AD1D63100B89E95 /* GetUsageRecord.swift */,
				21DB140A2AD1D63700B89E95 /* GetUsageRecords.swift */,
			);
			path = UsageRecord;
			sourceTree = "<group>";
		};
		21DB140C2AD1DE9300B89E95 /* Webhook */ = {
			isa = PBXGroup;
			children = (
				21DB140D2AD1DE9A00B89E95 /* Webhooks.swift */,
				21DB140F2AD1DEA200B89E95 /* GetWebhook.swift */,
				21DB14112AD1DEA900B89E95 /* GetWebhooks.swift */,
			);
			path = Webhook;
			sourceTree = "<group>";
		};
/* End PBXGroup section */

/* Begin PBXNativeTarget section */
		2128D37229501885005B16C2 /* Lemon Squeezy */ = {
			isa = PBXNativeTarget;
			buildConfigurationList = 2128D38129501886005B16C2 /* Build configuration list for PBXNativeTarget "Lemon Squeezy" */;
			buildPhases = (
				2128D38B2950266B005B16C2 /* ShellScript */,
				2128D36F29501885005B16C2 /* Sources */,
				2128D37029501885005B16C2 /* Frameworks */,
				2128D37129501885005B16C2 /* Resources */,
			);
			buildRules = (
			);
			dependencies = (
			);
			name = "Lemon Squeezy";
			packageProductDependencies = (
				2128D386295018A8005B16C2 /* LemonSqueezy */,
			);
			productName = "Lemon Squeezy";
			productReference = 2128D37329501885005B16C2 /* Lemon Squeezy.app */;
			productType = "com.apple.product-type.application";
		};
/* End PBXNativeTarget section */

/* Begin PBXProject section */
		2128D36B29501885005B16C2 /* Project object */ = {
			isa = PBXProject;
			attributes = {
				BuildIndependentTargetsInParallel = 1;
				LastSwiftUpdateCheck = 1420;
				LastUpgradeCheck = 1420;
				TargetAttributes = {
					2128D37229501885005B16C2 = {
						CreatedOnToolsVersion = 14.2;
					};
				};
			};
			buildConfigurationList = 2128D36E29501885005B16C2 /* Build configuration list for PBXProject "Lemon Squeezy" */;
			compatibilityVersion = "Xcode 14.0";
			developmentRegion = en;
			hasScannedForEncodings = 0;
			knownRegions = (
				en,
				Base,
			);
			mainGroup = 2128D36A29501885005B16C2;
			productRefGroup = 2128D37429501885005B16C2 /* Products */;
			projectDirPath = "";
			projectRoot = "";
			targets = (
				2128D37229501885005B16C2 /* Lemon Squeezy */,
			);
		};
/* End PBXProject section */

/* Begin PBXResourcesBuildPhase section */
		2128D37129501885005B16C2 /* Resources */ = {
			isa = PBXResourcesBuildPhase;
			buildActionMask = 2147483647;
			files = (
				2128D37E29501886005B16C2 /* Preview Assets.xcassets in Resources */,
				2128D37B29501886005B16C2 /* Assets.xcassets in Resources */,
			);
			runOnlyForDeploymentPostprocessing = 0;
		};
/* End PBXResourcesBuildPhase section */

/* Begin PBXShellScriptBuildPhase section */
		2128D38B2950266B005B16C2 /* ShellScript */ = {
			isa = PBXShellScriptBuildPhase;
			alwaysOutOfDate = 1;
			buildActionMask = 2147483647;
			files = (
			);
			inputFileListPaths = (
			);
			inputPaths = (
			);
			outputFileListPaths = (
			);
			outputPaths = (
			);
			runOnlyForDeploymentPostprocessing = 0;
			shellPath = /bin/sh;
			shellScript = "cd $SRCROOT;\n\nif [ ! -f \".env\" ];\nthen\n  echo \"error: No .env file was found for environment variables. Check the README for setup instructions for this demo app.\";\n  exit 1;\nfi\n\nset -o allexport; source .env; set +o allexport;\n\ncontent=\"import Foundation\n/// This file is automatically populated by a pre-action build script in the Lemon Squeezy scheme\n/// **Do not** check in the \\`.env\\` file or this generated \\`Secrets.swift\\` file to version control.\n\nlet LS_API_KEY=\\\"$LS_API_KEY\\\"\n\";\n\necho \"$content\" > \"Lemon Squeezy\"/Secrets.swift;\nexit 0;\n";
		};
/* End PBXShellScriptBuildPhase section */

/* Begin PBXSourcesBuildPhase section */
		2128D36F29501885005B16C2 /* Sources */ = {
			isa = PBXSourcesBuildPhase;
			buildActionMask = 2147483647;
			files = (
				2133BFA9296DF63000AD073F /* GetProducts.swift in Sources */,
				214D7A72296EBD86007B72D2 /* GetCheckout.swift in Sources */,
				2128D39629503002005B16C2 /* HTTPMethodBadge.swift in Sources */,
				2146B0D6296E8A7A004FC237 /* Subscriptions.swift in Sources */,
				21DB14122AD1DEA900B89E95 /* GetWebhooks.swift in Sources */,
				2133BFAE296DFCDC00AD073F /* GetVariant.swift in Sources */,
				2133BFA7296DF4B700AD073F /* GetProduct.swift in Sources */,
				2146B0D8296E8A7F004FC237 /* GetSubscription.swift in Sources */,
				211C2C5F29D21A0A00195C57 /* DiscountRedemptions.swift in Sources */,
				211C2C6A29D224DC00195C57 /* GetCustomers.swift in Sources */,
				21DB140B2AD1D63700B89E95 /* GetUsageRecords.swift in Sources */,
				211C2C6329D21C3B00195C57 /* GetDiscountRedemptions.swift in Sources */,
				2133BFBC296E073400AD073F /* GetOrderItems.swift in Sources */,
				214D7A74296EBD8A007B72D2 /* GetCheckouts.swift in Sources */,
				214D7A6D296EB6D9007B72D2 /* GetLicenseKeyInstances.swift in Sources */,
				21DB14092AD1D63100B89E95 /* GetUsageRecord.swift in Sources */,
				2128D3A129504DC4005B16C2 /* GetOrder.swift in Sources */,
				21B2D971298FB91C005CC8FB /* ActivateLicenseView.swift in Sources */,
				2146B0DC296E908A004FC237 /* UpdateSubscription.swift in Sources */,
				2146B0E5296EAC89004FC237 /* GetDiscounts.swift in Sources */,
				214D7A70296EBD7F007B72D2 /* Checkouts.swift in Sources */,
				21B46739298FDE9B001973CF /* ValidateLicenseView.swift in Sources */,
				21DB14002AD1C7B500B89E95 /* Prices.swift in Sources */,
				2128D39029502F60005B16C2 /* Users.swift in Sources */,
				2133BFBA296E072900AD073F /* OrderItems.swift in Sources */,
				2133BFAC296DFC9500AD073F /* Variants.swift in Sources */,
				21DB13FB2AD19CD600B89E95 /* UpdateSubscriptionItem.swift in Sources */,
				2133BFBE296E073900AD073F /* GetOrderItem.swift in Sources */,
				21DB14102AD1DEA200B89E95 /* GetWebhook.swift in Sources */,
				2133BFA5296DF3F200AD073F /* Products.swift in Sources */,
				214D7A76296EBD92007B72D2 /* CreateCheckout.swift in Sources */,
				2133BFB7296E026E00AD073F /* GetFiles.swift in Sources */,
				2133BFB0296DFCED00AD073F /* GetVariants.swift in Sources */,
				2128D39829503067005B16C2 /* GetMe.swift in Sources */,
				2133BFB5296E026700AD073F /* GetFile.swift in Sources */,
				2146B0E1296EAC7F004FC237 /* Discounts.swift in Sources */,
				21DB13FD2AD1A66800B89E95 /* GetSubscriptionItemCurrentUsage.swift in Sources */,
				2128D39F29504B13005B16C2 /* GetOrders.swift in Sources */,
				2133BFA2296DE7F800AD073F /* GetStores.swift in Sources */,
				21DB14072AD1D60600B89E95 /* UsageRecords.swift in Sources */,
				2146B0E3296EAC84004FC237 /* GetDiscount.swift in Sources */,
				214D7A69296EB6CD007B72D2 /* LicenseKeyInstances.swift in Sources */,
				214D7A62296EB1A9007B72D2 /* LicenseKeys.swift in Sources */,
				211C2C6829D2243B00195C57 /* GetCustomer.swift in Sources */,
				2128D37929501885005B16C2 /* ContentView.swift in Sources */,
				21B2D96F298FB8E7005CC8FB /* License.swift in Sources */,
				214D7A64296EB1B0007B72D2 /* GetLicenseKey.swift in Sources */,
				2128D3A629506ACA005B16C2 /* GetStore.swift in Sources */,
				2128D38D2950298A005B16C2 /* Secrets.swift in Sources */,
				21DB13EE2AD16C4600B89E95 /* GetSubscriptionInvoice.swift in Sources */,
				211C2C6129D21AAC00195C57 /* GetDiscountRedemption.swift in Sources */,
				2128D3A429506A79005B16C2 /* Stores.swift in Sources */,
				2128D39329502FC1005B16C2 /* MethodRow.swift in Sources */,
				21DB14042AD1C84B00B89E95 /* GetPrices.swift in Sources */,
				21DB14022AD1C83C00B89E95 /* GetPrice.swift in Sources */,
				21B4673B298FDFCA001973CF /* DeactivateLicenseView.swift in Sources */,
				2133BFB3296E025F00AD073F /* Files.swift in Sources */,
				2146B0DE296EA27F004FC237 /* CancelSubscription.swift in Sources */,
				2146B0DA296E8A84004FC237 /* GetSubscriptions.swift in Sources */,
				21DB13EC2AD16BC800B89E95 /* SubscriptionInvoices.swift in Sources */,
				211C2C6629D223CA00195C57 /* Customers.swift in Sources */,
				2128D39D29504AAF005B16C2 /* Orders.swift in Sources */,
				214D7A6B296EB6D4007B72D2 /* GetLicenseKeyInstance.swift in Sources */,
				21DB13F22AD1924300B89E95 /* GetSubscriptionInvoices.swift in Sources */,
				21DB13F72AD193CE00B89E95 /* GetSubscriptionItem.swift in Sources */,
				21DB140E2AD1DE9A00B89E95 /* Webhooks.swift in Sources */,
				21DB13F92AD193D500B89E95 /* GetSubscriptionItems.swift in Sources */,
				21DB13F52AD1939500B89E95 /* SubscriptionItems.swift in Sources */,
				214D7A66296EB1B6007B72D2 /* GetLicenseKeys.swift in Sources */,
				2128D37729501885005B16C2 /* Lemon_SqueezyApp.swift in Sources */,
			);
			runOnlyForDeploymentPostprocessing = 0;
		};
/* End PBXSourcesBuildPhase section */

/* Begin XCBuildConfiguration section */
		2128D37F29501886005B16C2 /* Debug */ = {
			isa = XCBuildConfiguration;
			buildSettings = {
				ALWAYS_SEARCH_USER_PATHS = NO;
				CLANG_ANALYZER_NONNULL = YES;
				CLANG_ANALYZER_NUMBER_OBJECT_CONVERSION = YES_AGGRESSIVE;
				CLANG_CXX_LANGUAGE_STANDARD = "gnu++20";
				CLANG_ENABLE_MODULES = YES;
				CLANG_ENABLE_OBJC_ARC = YES;
				CLANG_ENABLE_OBJC_WEAK = YES;
				CLANG_WARN_BLOCK_CAPTURE_AUTORELEASING = YES;
				CLANG_WARN_BOOL_CONVERSION = YES;
				CLANG_WARN_COMMA = YES;
				CLANG_WARN_CONSTANT_CONVERSION = YES;
				CLANG_WARN_DEPRECATED_OBJC_IMPLEMENTATIONS = YES;
				CLANG_WARN_DIRECT_OBJC_ISA_USAGE = YES_ERROR;
				CLANG_WARN_DOCUMENTATION_COMMENTS = YES;
				CLANG_WARN_EMPTY_BODY = YES;
				CLANG_WARN_ENUM_CONVERSION = YES;
				CLANG_WARN_INFINITE_RECURSION = YES;
				CLANG_WARN_INT_CONVERSION = YES;
				CLANG_WARN_NON_LITERAL_NULL_CONVERSION = YES;
				CLANG_WARN_OBJC_IMPLICIT_RETAIN_SELF = YES;
				CLANG_WARN_OBJC_LITERAL_CONVERSION = YES;
				CLANG_WARN_OBJC_ROOT_CLASS = YES_ERROR;
				CLANG_WARN_QUOTED_INCLUDE_IN_FRAMEWORK_HEADER = YES;
				CLANG_WARN_RANGE_LOOP_ANALYSIS = YES;
				CLANG_WARN_STRICT_PROTOTYPES = YES;
				CLANG_WARN_SUSPICIOUS_MOVE = YES;
				CLANG_WARN_UNGUARDED_AVAILABILITY = YES_AGGRESSIVE;
				CLANG_WARN_UNREACHABLE_CODE = YES;
				CLANG_WARN__DUPLICATE_METHOD_MATCH = YES;
				COPY_PHASE_STRIP = NO;
				DEBUG_INFORMATION_FORMAT = dwarf;
				ENABLE_STRICT_OBJC_MSGSEND = YES;
				ENABLE_TESTABILITY = YES;
				GCC_C_LANGUAGE_STANDARD = gnu11;
				GCC_DYNAMIC_NO_PIC = NO;
				GCC_NO_COMMON_BLOCKS = YES;
				GCC_OPTIMIZATION_LEVEL = 0;
				GCC_PREPROCESSOR_DEFINITIONS = (
					"DEBUG=1",
					"$(inherited)",
				);
				GCC_WARN_64_TO_32_BIT_CONVERSION = YES;
				GCC_WARN_ABOUT_RETURN_TYPE = YES_ERROR;
				GCC_WARN_UNDECLARED_SELECTOR = YES;
				GCC_WARN_UNINITIALIZED_AUTOS = YES_AGGRESSIVE;
				GCC_WARN_UNUSED_FUNCTION = YES;
				GCC_WARN_UNUSED_VARIABLE = YES;
				IPHONEOS_DEPLOYMENT_TARGET = 16.2;
				MTL_ENABLE_DEBUG_INFO = INCLUDE_SOURCE;
				MTL_FAST_MATH = YES;
				ONLY_ACTIVE_ARCH = YES;
				SDKROOT = iphoneos;
				SWIFT_ACTIVE_COMPILATION_CONDITIONS = DEBUG;
				SWIFT_OPTIMIZATION_LEVEL = "-Onone";
			};
			name = Debug;
		};
		2128D38029501886005B16C2 /* Release */ = {
			isa = XCBuildConfiguration;
			buildSettings = {
				ALWAYS_SEARCH_USER_PATHS = NO;
				CLANG_ANALYZER_NONNULL = YES;
				CLANG_ANALYZER_NUMBER_OBJECT_CONVERSION = YES_AGGRESSIVE;
				CLANG_CXX_LANGUAGE_STANDARD = "gnu++20";
				CLANG_ENABLE_MODULES = YES;
				CLANG_ENABLE_OBJC_ARC = YES;
				CLANG_ENABLE_OBJC_WEAK = YES;
				CLANG_WARN_BLOCK_CAPTURE_AUTORELEASING = YES;
				CLANG_WARN_BOOL_CONVERSION = YES;
				CLANG_WARN_COMMA = YES;
				CLANG_WARN_CONSTANT_CONVERSION = YES;
				CLANG_WARN_DEPRECATED_OBJC_IMPLEMENTATIONS = YES;
				CLANG_WARN_DIRECT_OBJC_ISA_USAGE = YES_ERROR;
				CLANG_WARN_DOCUMENTATION_COMMENTS = YES;
				CLANG_WARN_EMPTY_BODY = YES;
				CLANG_WARN_ENUM_CONVERSION = YES;
				CLANG_WARN_INFINITE_RECURSION = YES;
				CLANG_WARN_INT_CONVERSION = YES;
				CLANG_WARN_NON_LITERAL_NULL_CONVERSION = YES;
				CLANG_WARN_OBJC_IMPLICIT_RETAIN_SELF = YES;
				CLANG_WARN_OBJC_LITERAL_CONVERSION = YES;
				CLANG_WARN_OBJC_ROOT_CLASS = YES_ERROR;
				CLANG_WARN_QUOTED_INCLUDE_IN_FRAMEWORK_HEADER = YES;
				CLANG_WARN_RANGE_LOOP_ANALYSIS = YES;
				CLANG_WARN_STRICT_PROTOTYPES = YES;
				CLANG_WARN_SUSPICIOUS_MOVE = YES;
				CLANG_WARN_UNGUARDED_AVAILABILITY = YES_AGGRESSIVE;
				CLANG_WARN_UNREACHABLE_CODE = YES;
				CLANG_WARN__DUPLICATE_METHOD_MATCH = YES;
				COPY_PHASE_STRIP = NO;
				DEBUG_INFORMATION_FORMAT = "dwarf-with-dsym";
				ENABLE_NS_ASSERTIONS = NO;
				ENABLE_STRICT_OBJC_MSGSEND = YES;
				GCC_C_LANGUAGE_STANDARD = gnu11;
				GCC_NO_COMMON_BLOCKS = YES;
				GCC_WARN_64_TO_32_BIT_CONVERSION = YES;
				GCC_WARN_ABOUT_RETURN_TYPE = YES_ERROR;
				GCC_WARN_UNDECLARED_SELECTOR = YES;
				GCC_WARN_UNINITIALIZED_AUTOS = YES_AGGRESSIVE;
				GCC_WARN_UNUSED_FUNCTION = YES;
				GCC_WARN_UNUSED_VARIABLE = YES;
				IPHONEOS_DEPLOYMENT_TARGET = 16.2;
				MTL_ENABLE_DEBUG_INFO = NO;
				MTL_FAST_MATH = YES;
				SDKROOT = iphoneos;
				SWIFT_COMPILATION_MODE = wholemodule;
				SWIFT_OPTIMIZATION_LEVEL = "-O";
				VALIDATE_PRODUCT = YES;
			};
			name = Release;
		};
		2128D38229501886005B16C2 /* Debug */ = {
			isa = XCBuildConfiguration;
			buildSettings = {
				ASSETCATALOG_COMPILER_APPICON_NAME = AppIcon;
				ASSETCATALOG_COMPILER_GLOBAL_ACCENT_COLOR_NAME = AccentColor;
				CODE_SIGN_STYLE = Automatic;
				CURRENT_PROJECT_VERSION = 1;
				DEVELOPMENT_ASSET_PATHS = "\"Lemon Squeezy/Preview Content\"";
				DEVELOPMENT_TEAM = XVBJCDZG3F;
				ENABLE_PREVIEWS = YES;
				GENERATE_INFOPLIST_FILE = YES;
				INFOPLIST_KEY_UIApplicationSceneManifest_Generation = YES;
				INFOPLIST_KEY_UIApplicationSupportsIndirectInputEvents = YES;
				INFOPLIST_KEY_UILaunchScreen_Generation = YES;
				INFOPLIST_KEY_UISupportedInterfaceOrientations_iPad = "UIInterfaceOrientationPortrait UIInterfaceOrientationPortraitUpsideDown UIInterfaceOrientationLandscapeLeft UIInterfaceOrientationLandscapeRight";
				INFOPLIST_KEY_UISupportedInterfaceOrientations_iPhone = "UIInterfaceOrientationPortrait UIInterfaceOrientationLandscapeLeft UIInterfaceOrientationLandscapeRight";
				LD_RUNPATH_SEARCH_PATHS = (
					"$(inherited)",
					"@executable_path/Frameworks",
				);
				MARKETING_VERSION = 1.0;
				PRODUCT_BUNDLE_IDENTIFIER = "me.mauryaratan.Lemon-Squeezy";
				PRODUCT_NAME = "$(TARGET_NAME)";
				SWIFT_EMIT_LOC_STRINGS = YES;
				SWIFT_VERSION = 5.0;
				TARGETED_DEVICE_FAMILY = "1,2";
			};
			name = Debug;
		};
		2128D38329501886005B16C2 /* Release */ = {
			isa = XCBuildConfiguration;
			buildSettings = {
				ASSETCATALOG_COMPILER_APPICON_NAME = AppIcon;
				ASSETCATALOG_COMPILER_GLOBAL_ACCENT_COLOR_NAME = AccentColor;
				CODE_SIGN_STYLE = Automatic;
				CURRENT_PROJECT_VERSION = 1;
				DEVELOPMENT_ASSET_PATHS = "\"Lemon Squeezy/Preview Content\"";
				DEVELOPMENT_TEAM = XVBJCDZG3F;
				ENABLE_PREVIEWS = YES;
				GENERATE_INFOPLIST_FILE = YES;
				INFOPLIST_KEY_UIApplicationSceneManifest_Generation = YES;
				INFOPLIST_KEY_UIApplicationSupportsIndirectInputEvents = YES;
				INFOPLIST_KEY_UILaunchScreen_Generation = YES;
				INFOPLIST_KEY_UISupportedInterfaceOrientations_iPad = "UIInterfaceOrientationPortrait UIInterfaceOrientationPortraitUpsideDown UIInterfaceOrientationLandscapeLeft UIInterfaceOrientationLandscapeRight";
				INFOPLIST_KEY_UISupportedInterfaceOrientations_iPhone = "UIInterfaceOrientationPortrait UIInterfaceOrientationLandscapeLeft UIInterfaceOrientationLandscapeRight";
				LD_RUNPATH_SEARCH_PATHS = (
					"$(inherited)",
					"@executable_path/Frameworks",
				);
				MARKETING_VERSION = 1.0;
				PRODUCT_BUNDLE_IDENTIFIER = "me.mauryaratan.Lemon-Squeezy";
				PRODUCT_NAME = "$(TARGET_NAME)";
				SWIFT_EMIT_LOC_STRINGS = YES;
				SWIFT_VERSION = 5.0;
				TARGETED_DEVICE_FAMILY = "1,2";
			};
			name = Release;
		};
/* End XCBuildConfiguration section */

/* Begin XCConfigurationList section */
		2128D36E29501885005B16C2 /* Build configuration list for PBXProject "Lemon Squeezy" */ = {
			isa = XCConfigurationList;
			buildConfigurations = (
				2128D37F29501886005B16C2 /* Debug */,
				2128D38029501886005B16C2 /* Release */,
			);
			defaultConfigurationIsVisible = 0;
			defaultConfigurationName = Release;
		};
		2128D38129501886005B16C2 /* Build configuration list for PBXNativeTarget "Lemon Squeezy" */ = {
			isa = XCConfigurationList;
			buildConfigurations = (
				2128D38229501886005B16C2 /* Debug */,
				2128D38329501886005B16C2 /* Release */,
			);
			defaultConfigurationIsVisible = 0;
			defaultConfigurationName = Release;
		};
/* End XCConfigurationList section */

/* Begin XCSwiftPackageProductDependency section */
		2128D386295018A8005B16C2 /* LemonSqueezy */ = {
			isa = XCSwiftPackageProductDependency;
			productName = LemonSqueezy;
		};
/* End XCSwiftPackageProductDependency section */
	};
	rootObject = 2128D36B29501885005B16C2 /* Project object */;
}
