// !$*UTF8*$!
{
	archiveVersion = 1;
	classes = {
	};
	objectVersion = 56;
	objects = {

/* Begin PBXBuildFile section */
		2128D37729501885005B16C2 /* Lemon_SqueezyApp.swift in Sources */ = {isa = PBXBuildFile; fileRef = 2128D37629501885005B16C2 /* Lemon_SqueezyApp.swift */; };
		2128D37929501885005B16C2 /* ContentView.swift in Sources */ = {isa = PBXBuildFile; fileRef = 2128D37829501885005B16C2 /* ContentView.swift */; };
		2128D37B29501886005B16C2 /* Assets.xcassets in Resources */ = {isa = PBXBuildFile; fileRef = 2128D37A29501886005B16C2 /* Assets.xcassets */; };
		2128D37E29501886005B16C2 /* Preview Assets.xcassets in Resources */ = {isa = PBXBuildFile; fileRef = 2128D37D29501886005B16C2 /* Preview Assets.xcassets */; };
		2128D387295018A8005B16C2 /* LemonSqueezy in Frameworks */ = {isa = PBXBuildFile; productRef = 2128D386295018A8005B16C2 /* LemonSqueezy */; };
		2128D38D2950298A005B16C2 /* Secrets.swift in Sources */ = {isa = PBXBuildFile; fileRef = 2128D38C2950298A005B16C2 /* Secrets.swift */; };
		2128D39029502F60005B16C2 /* Users.swift in Sources */ = {isa = PBXBuildFile; fileRef = 2128D38F29502F60005B16C2 /* Users.swift */; };
		2128D39329502FC1005B16C2 /* MethodRow.swift in Sources */ = {isa = PBXBuildFile; fileRef = 2128D39229502FC1005B16C2 /* MethodRow.swift */; };
		2128D39629503002005B16C2 /* HTTPMethodBadge.swift in Sources */ = {isa = PBXBuildFile; fileRef = 2128D39529503002005B16C2 /* HTTPMethodBadge.swift */; };
		2128D39829503067005B16C2 /* GetMe.swift in Sources */ = {isa = PBXBuildFile; fileRef = 2128D39729503067005B16C2 /* GetMe.swift */; };
		2128D39D29504AAF005B16C2 /* Orders.swift in Sources */ = {isa = PBXBuildFile; fileRef = 2128D39C29504AAF005B16C2 /* Orders.swift */; };
		2128D39F29504B13005B16C2 /* GetOrders.swift in Sources */ = {isa = PBXBuildFile; fileRef = 2128D39E29504B13005B16C2 /* GetOrders.swift */; };
		2128D3A129504DC4005B16C2 /* GetOrder.swift in Sources */ = {isa = PBXBuildFile; fileRef = 2128D3A029504DC4005B16C2 /* GetOrder.swift */; };
		2128D3A429506A79005B16C2 /* Stores.swift in Sources */ = {isa = PBXBuildFile; fileRef = 2128D3A329506A79005B16C2 /* Stores.swift */; };
		2128D3A629506ACA005B16C2 /* GetStore.swift in Sources */ = {isa = PBXBuildFile; fileRef = 2128D3A529506ACA005B16C2 /* GetStore.swift */; };
		2133BFA2296DE7F800AD073F /* GetStores.swift in Sources */ = {isa = PBXBuildFile; fileRef = 2133BFA1296DE7F800AD073F /* GetStores.swift */; };
/* End PBXBuildFile section */

/* Begin PBXFileReference section */
		2128D37329501885005B16C2 /* Lemon Squeezy.app */ = {isa = PBXFileReference; explicitFileType = wrapper.application; includeInIndex = 0; path = "Lemon Squeezy.app"; sourceTree = BUILT_PRODUCTS_DIR; };
		2128D37629501885005B16C2 /* Lemon_SqueezyApp.swift */ = {isa = PBXFileReference; lastKnownFileType = sourcecode.swift; path = Lemon_SqueezyApp.swift; sourceTree = "<group>"; };
		2128D37829501885005B16C2 /* ContentView.swift */ = {isa = PBXFileReference; lastKnownFileType = sourcecode.swift; path = ContentView.swift; sourceTree = "<group>"; };
		2128D37A29501886005B16C2 /* Assets.xcassets */ = {isa = PBXFileReference; lastKnownFileType = folder.assetcatalog; path = Assets.xcassets; sourceTree = "<group>"; };
		2128D37D29501886005B16C2 /* Preview Assets.xcassets */ = {isa = PBXFileReference; lastKnownFileType = folder.assetcatalog; path = "Preview Assets.xcassets"; sourceTree = "<group>"; };
		2128D3842950189D005B16C2 /* LemonSqueezy */ = {isa = PBXFileReference; lastKnownFileType = wrapper; name = LemonSqueezy; path = ../LemonSqueezy; sourceTree = "<group>"; };
		2128D38C2950298A005B16C2 /* Secrets.swift */ = {isa = PBXFileReference; fileEncoding = 4; lastKnownFileType = sourcecode.swift; path = Secrets.swift; sourceTree = "<group>"; };
		2128D38F29502F60005B16C2 /* Users.swift */ = {isa = PBXFileReference; lastKnownFileType = sourcecode.swift; path = Users.swift; sourceTree = "<group>"; };
		2128D39229502FC1005B16C2 /* MethodRow.swift */ = {isa = PBXFileReference; lastKnownFileType = sourcecode.swift; path = MethodRow.swift; sourceTree = "<group>"; };
		2128D39529503002005B16C2 /* HTTPMethodBadge.swift */ = {isa = PBXFileReference; lastKnownFileType = sourcecode.swift; path = HTTPMethodBadge.swift; sourceTree = "<group>"; };
		2128D39729503067005B16C2 /* GetMe.swift */ = {isa = PBXFileReference; lastKnownFileType = sourcecode.swift; path = GetMe.swift; sourceTree = "<group>"; };
		2128D39929504070005B16C2 /* README.md */ = {isa = PBXFileReference; fileEncoding = 4; lastKnownFileType = net.daringfireball.markdown; name = README.md; path = "/Users/ram/Developer/Lemon/Lemon Squeezy/README.md"; sourceTree = "<absolute>"; };
		2128D39C29504AAF005B16C2 /* Orders.swift */ = {isa = PBXFileReference; lastKnownFileType = sourcecode.swift; path = Orders.swift; sourceTree = "<group>"; };
		2128D39E29504B13005B16C2 /* GetOrders.swift */ = {isa = PBXFileReference; lastKnownFileType = sourcecode.swift; path = GetOrders.swift; sourceTree = "<group>"; };
		2128D3A029504DC4005B16C2 /* GetOrder.swift */ = {isa = PBXFileReference; lastKnownFileType = sourcecode.swift; path = GetOrder.swift; sourceTree = "<group>"; };
		2128D3A329506A79005B16C2 /* Stores.swift */ = {isa = PBXFileReference; lastKnownFileType = sourcecode.swift; path = Stores.swift; sourceTree = "<group>"; };
		2128D3A529506ACA005B16C2 /* GetStore.swift */ = {isa = PBXFileReference; lastKnownFileType = sourcecode.swift; path = GetStore.swift; sourceTree = "<group>"; };
		2133BFA1296DE7F800AD073F /* GetStores.swift */ = {isa = PBXFileReference; lastKnownFileType = sourcecode.swift; path = GetStores.swift; sourceTree = "<group>"; };
/* End PBXFileReference section */

/* Begin PBXFrameworksBuildPhase section */
		2128D37029501885005B16C2 /* Frameworks */ = {
			isa = PBXFrameworksBuildPhase;
			buildActionMask = 2147483647;
			files = (
				2128D387295018A8005B16C2 /* LemonSqueezy in Frameworks */,
			);
			runOnlyForDeploymentPostprocessing = 0;
		};
/* End PBXFrameworksBuildPhase section */

/* Begin PBXGroup section */
		2128D36A29501885005B16C2 = {
			isa = PBXGroup;
			children = (
				2128D39929504070005B16C2 /* README.md */,
				2128D3842950189D005B16C2 /* LemonSqueezy */,
				2128D37529501885005B16C2 /* Lemon Squeezy */,
				2128D37429501885005B16C2 /* Products */,
				2128D385295018A8005B16C2 /* Frameworks */,
			);
			sourceTree = "<group>";
		};
		2128D37429501885005B16C2 /* Products */ = {
			isa = PBXGroup;
			children = (
				2128D37329501885005B16C2 /* Lemon Squeezy.app */,
			);
			name = Products;
			sourceTree = "<group>";
		};
		2128D37529501885005B16C2 /* Lemon Squeezy */ = {
			isa = PBXGroup;
			children = (
				2128D3A229506A66005B16C2 /* Store */,
				2128D39B29504AA4005B16C2 /* Orders */,
				2128D39129502FB0005B16C2 /* Helper Views */,
				2128D38E29502F56005B16C2 /* Users */,
				2128D37629501885005B16C2 /* Lemon_SqueezyApp.swift */,
				2128D38C2950298A005B16C2 /* Secrets.swift */,
				2128D37829501885005B16C2 /* ContentView.swift */,
				2128D37A29501886005B16C2 /* Assets.xcassets */,
				2128D37C29501886005B16C2 /* Preview Content */,
			);
			path = "Lemon Squeezy";
			sourceTree = "<group>";
		};
		2128D37C29501886005B16C2 /* Preview Content */ = {
			isa = PBXGroup;
			children = (
				2128D37D29501886005B16C2 /* Preview Assets.xcassets */,
			);
			path = "Preview Content";
			sourceTree = "<group>";
		};
		2128D385295018A8005B16C2 /* Frameworks */ = {
			isa = PBXGroup;
			children = (
			);
			name = Frameworks;
			sourceTree = "<group>";
		};
		2128D38E29502F56005B16C2 /* Users */ = {
			isa = PBXGroup;
			children = (
				2128D38F29502F60005B16C2 /* Users.swift */,
				2128D39729503067005B16C2 /* GetMe.swift */,
			);
			path = Users;
			sourceTree = "<group>";
		};
		2128D39129502FB0005B16C2 /* Helper Views */ = {
			isa = PBXGroup;
			children = (
				2128D39229502FC1005B16C2 /* MethodRow.swift */,
				2128D39529503002005B16C2 /* HTTPMethodBadge.swift */,
			);
			path = "Helper Views";
			sourceTree = "<group>";
		};
		2128D39B29504AA4005B16C2 /* Orders */ = {
			isa = PBXGroup;
			children = (
				2128D39C29504AAF005B16C2 /* Orders.swift */,
				2128D39E29504B13005B16C2 /* GetOrders.swift */,
				2128D3A029504DC4005B16C2 /* GetOrder.swift */,
			);
			path = Orders;
			sourceTree = "<group>";
		};
		2128D3A229506A66005B16C2 /* Store */ = {
			isa = PBXGroup;
			children = (
				2128D3A329506A79005B16C2 /* Stores.swift */,
				2128D3A529506ACA005B16C2 /* GetStore.swift */,
				2133BFA1296DE7F800AD073F /* GetStores.swift */,
			);
			path = Store;
			sourceTree = "<group>";
		};
/* End PBXGroup section */

/* Begin PBXNativeTarget section */
		2128D37229501885005B16C2 /* Lemon Squeezy */ = {
			isa = PBXNativeTarget;
			buildConfigurationList = 2128D38129501886005B16C2 /* Build configuration list for PBXNativeTarget "Lemon Squeezy" */;
			buildPhases = (
				2128D38B2950266B005B16C2 /* ShellScript */,
				2128D36F29501885005B16C2 /* Sources */,
				2128D37029501885005B16C2 /* Frameworks */,
				2128D37129501885005B16C2 /* Resources */,
			);
			buildRules = (
			);
			dependencies = (
			);
			name = "Lemon Squeezy";
			packageProductDependencies = (
				2128D386295018A8005B16C2 /* LemonSqueezy */,
			);
			productName = "Lemon Squeezy";
			productReference = 2128D37329501885005B16C2 /* Lemon Squeezy.app */;
			productType = "com.apple.product-type.application";
		};
/* End PBXNativeTarget section */

/* Begin PBXProject section */
		2128D36B29501885005B16C2 /* Project object */ = {
			isa = PBXProject;
			attributes = {
				BuildIndependentTargetsInParallel = 1;
				LastSwiftUpdateCheck = 1420;
				LastUpgradeCheck = 1420;
				TargetAttributes = {
					2128D37229501885005B16C2 = {
						CreatedOnToolsVersion = 14.2;
					};
				};
			};
			buildConfigurationList = 2128D36E29501885005B16C2 /* Build configuration list for PBXProject "Lemon Squeezy" */;
			compatibilityVersion = "Xcode 14.0";
			developmentRegion = en;
			hasScannedForEncodings = 0;
			knownRegions = (
				en,
				Base,
			);
			mainGroup = 2128D36A29501885005B16C2;
			productRefGroup = 2128D37429501885005B16C2 /* Products */;
			projectDirPath = "";
			projectRoot = "";
			targets = (
				2128D37229501885005B16C2 /* Lemon Squeezy */,
			);
		};
/* End PBXProject section */

/* Begin PBXResourcesBuildPhase section */
		2128D37129501885005B16C2 /* Resources */ = {
			isa = PBXResourcesBuildPhase;
			buildActionMask = 2147483647;
			files = (
				2128D37E29501886005B16C2 /* Preview Assets.xcassets in Resources */,
				2128D37B29501886005B16C2 /* Assets.xcassets in Resources */,
			);
			runOnlyForDeploymentPostprocessing = 0;
		};
/* End PBXResourcesBuildPhase section */

/* Begin PBXShellScriptBuildPhase section */
		2128D38B2950266B005B16C2 /* ShellScript */ = {
			isa = PBXShellScriptBuildPhase;
			alwaysOutOfDate = 1;
			buildActionMask = 2147483647;
			files = (
			);
			inputFileListPaths = (
			);
			inputPaths = (
			);
			outputFileListPaths = (
			);
			outputPaths = (
			);
			runOnlyForDeploymentPostprocessing = 0;
			shellPath = /bin/sh;
			shellScript = "cd $SRCROOT;\n\nif [ ! -f \".env\" ];\nthen\n  echo \"error: No .env file was found for environment variables. Check the README for setup instructions for this demo app.\";\n  exit 1;\nfi\n\nset -o allexport; source .env; set +o allexport;\n\ncontent=\"import Foundation\n/// This file is automatically populated by a pre-action build script in the Lemon Squeezy scheme\n/// **Do not** check in the \\`.env\\` file or this generated \\`Secrets.swift\\` file to version control.\n\nlet LS_API_KEY=\\\"$LS_API_KEY\\\"\n\";\n\necho \"$content\" > \"Lemon Squeezy\"/Secrets.swift;\nexit 0;\n";
		};
/* End PBXShellScriptBuildPhase section */

/* Begin PBXSourcesBuildPhase section */
		2128D36F29501885005B16C2 /* Sources */ = {
			isa = PBXSourcesBuildPhase;
			buildActionMask = 2147483647;
			files = (
				2128D39629503002005B16C2 /* HTTPMethodBadge.swift in Sources */,
				2128D3A129504DC4005B16C2 /* GetOrder.swift in Sources */,
				2128D39029502F60005B16C2 /* Users.swift in Sources */,
				2128D39829503067005B16C2 /* GetMe.swift in Sources */,
				2128D39F29504B13005B16C2 /* GetOrders.swift in Sources */,
				2133BFA2296DE7F800AD073F /* GetStores.swift in Sources */,
				2128D37929501885005B16C2 /* ContentView.swift in Sources */,
				2128D3A629506ACA005B16C2 /* GetStore.swift in Sources */,
				2128D38D2950298A005B16C2 /* Secrets.swift in Sources */,
				2128D3A429506A79005B16C2 /* Stores.swift in Sources */,
				2128D39329502FC1005B16C2 /* MethodRow.swift in Sources */,
				2128D39D29504AAF005B16C2 /* Orders.swift in Sources */,
				2128D37729501885005B16C2 /* Lemon_SqueezyApp.swift in Sources */,
			);
			runOnlyForDeploymentPostprocessing = 0;
		};
/* End PBXSourcesBuildPhase section */

/* Begin XCBuildConfiguration section */
		2128D37F29501886005B16C2 /* Debug */ = {
			isa = XCBuildConfiguration;
			buildSettings = {
				ALWAYS_SEARCH_USER_PATHS = NO;
				CLANG_ANALYZER_NONNULL = YES;
				CLANG_ANALYZER_NUMBER_OBJECT_CONVERSION = YES_AGGRESSIVE;
				CLANG_CXX_LANGUAGE_STANDARD = "gnu++20";
				CLANG_ENABLE_MODULES = YES;
				CLANG_ENABLE_OBJC_ARC = YES;
				CLANG_ENABLE_OBJC_WEAK = YES;
				CLANG_WARN_BLOCK_CAPTURE_AUTORELEASING = YES;
				CLANG_WARN_BOOL_CONVERSION = YES;
				CLANG_WARN_COMMA = YES;
				CLANG_WARN_CONSTANT_CONVERSION = YES;
				CLANG_WARN_DEPRECATED_OBJC_IMPLEMENTATIONS = YES;
				CLANG_WARN_DIRECT_OBJC_ISA_USAGE = YES_ERROR;
				CLANG_WARN_DOCUMENTATION_COMMENTS = YES;
				CLANG_WARN_EMPTY_BODY = YES;
				CLANG_WARN_ENUM_CONVERSION = YES;
				CLANG_WARN_INFINITE_RECURSION = YES;
				CLANG_WARN_INT_CONVERSION = YES;
				CLANG_WARN_NON_LITERAL_NULL_CONVERSION = YES;
				CLANG_WARN_OBJC_IMPLICIT_RETAIN_SELF = YES;
				CLANG_WARN_OBJC_LITERAL_CONVERSION = YES;
				CLANG_WARN_OBJC_ROOT_CLASS = YES_ERROR;
				CLANG_WARN_QUOTED_INCLUDE_IN_FRAMEWORK_HEADER = YES;
				CLANG_WARN_RANGE_LOOP_ANALYSIS = YES;
				CLANG_WARN_STRICT_PROTOTYPES = YES;
				CLANG_WARN_SUSPICIOUS_MOVE = YES;
				CLANG_WARN_UNGUARDED_AVAILABILITY = YES_AGGRESSIVE;
				CLANG_WARN_UNREACHABLE_CODE = YES;
				CLANG_WARN__DUPLICATE_METHOD_MATCH = YES;
				COPY_PHASE_STRIP = NO;
				DEBUG_INFORMATION_FORMAT = dwarf;
				ENABLE_STRICT_OBJC_MSGSEND = YES;
				ENABLE_TESTABILITY = YES;
				GCC_C_LANGUAGE_STANDARD = gnu11;
				GCC_DYNAMIC_NO_PIC = NO;
				GCC_NO_COMMON_BLOCKS = YES;
				GCC_OPTIMIZATION_LEVEL = 0;
				GCC_PREPROCESSOR_DEFINITIONS = (
					"DEBUG=1",
					"$(inherited)",
				);
				GCC_WARN_64_TO_32_BIT_CONVERSION = YES;
				GCC_WARN_ABOUT_RETURN_TYPE = YES_ERROR;
				GCC_WARN_UNDECLARED_SELECTOR = YES;
				GCC_WARN_UNINITIALIZED_AUTOS = YES_AGGRESSIVE;
				GCC_WARN_UNUSED_FUNCTION = YES;
				GCC_WARN_UNUSED_VARIABLE = YES;
				IPHONEOS_DEPLOYMENT_TARGET = 16.2;
				MTL_ENABLE_DEBUG_INFO = INCLUDE_SOURCE;
				MTL_FAST_MATH = YES;
				ONLY_ACTIVE_ARCH = YES;
				SDKROOT = iphoneos;
				SWIFT_ACTIVE_COMPILATION_CONDITIONS = DEBUG;
				SWIFT_OPTIMIZATION_LEVEL = "-Onone";
			};
			name = Debug;
		};
		2128D38029501886005B16C2 /* Release */ = {
			isa = XCBuildConfiguration;
			buildSettings = {
				ALWAYS_SEARCH_USER_PATHS = NO;
				CLANG_ANALYZER_NONNULL = YES;
				CLANG_ANALYZER_NUMBER_OBJECT_CONVERSION = YES_AGGRESSIVE;
				CLANG_CXX_LANGUAGE_STANDARD = "gnu++20";
				CLANG_ENABLE_MODULES = YES;
				CLANG_ENABLE_OBJC_ARC = YES;
				CLANG_ENABLE_OBJC_WEAK = YES;
				CLANG_WARN_BLOCK_CAPTURE_AUTORELEASING = YES;
				CLANG_WARN_BOOL_CONVERSION = YES;
				CLANG_WARN_COMMA = YES;
				CLANG_WARN_CONSTANT_CONVERSION = YES;
				CLANG_WARN_DEPRECATED_OBJC_IMPLEMENTATIONS = YES;
				CLANG_WARN_DIRECT_OBJC_ISA_USAGE = YES_ERROR;
				CLANG_WARN_DOCUMENTATION_COMMENTS = YES;
				CLANG_WARN_EMPTY_BODY = YES;
				CLANG_WARN_ENUM_CONVERSION = YES;
				CLANG_WARN_INFINITE_RECURSION = YES;
				CLANG_WARN_INT_CONVERSION = YES;
				CLANG_WARN_NON_LITERAL_NULL_CONVERSION = YES;
				CLANG_WARN_OBJC_IMPLICIT_RETAIN_SELF = YES;
				CLANG_WARN_OBJC_LITERAL_CONVERSION = YES;
				CLANG_WARN_OBJC_ROOT_CLASS = YES_ERROR;
				CLANG_WARN_QUOTED_INCLUDE_IN_FRAMEWORK_HEADER = YES;
				CLANG_WARN_RANGE_LOOP_ANALYSIS = YES;
				CLANG_WARN_STRICT_PROTOTYPES = YES;
				CLANG_WARN_SUSPICIOUS_MOVE = YES;
				CLANG_WARN_UNGUARDED_AVAILABILITY = YES_AGGRESSIVE;
				CLANG_WARN_UNREACHABLE_CODE = YES;
				CLANG_WARN__DUPLICATE_METHOD_MATCH = YES;
				COPY_PHASE_STRIP = NO;
				DEBUG_INFORMATION_FORMAT = "dwarf-with-dsym";
				ENABLE_NS_ASSERTIONS = NO;
				ENABLE_STRICT_OBJC_MSGSEND = YES;
				GCC_C_LANGUAGE_STANDARD = gnu11;
				GCC_NO_COMMON_BLOCKS = YES;
				GCC_WARN_64_TO_32_BIT_CONVERSION = YES;
				GCC_WARN_ABOUT_RETURN_TYPE = YES_ERROR;
				GCC_WARN_UNDECLARED_SELECTOR = YES;
				GCC_WARN_UNINITIALIZED_AUTOS = YES_AGGRESSIVE;
				GCC_WARN_UNUSED_FUNCTION = YES;
				GCC_WARN_UNUSED_VARIABLE = YES;
				IPHONEOS_DEPLOYMENT_TARGET = 16.2;
				MTL_ENABLE_DEBUG_INFO = NO;
				MTL_FAST_MATH = YES;
				SDKROOT = iphoneos;
				SWIFT_COMPILATION_MODE = wholemodule;
				SWIFT_OPTIMIZATION_LEVEL = "-O";
				VALIDATE_PRODUCT = YES;
			};
			name = Release;
		};
		2128D38229501886005B16C2 /* Debug */ = {
			isa = XCBuildConfiguration;
			buildSettings = {
				ASSETCATALOG_COMPILER_APPICON_NAME = AppIcon;
				ASSETCATALOG_COMPILER_GLOBAL_ACCENT_COLOR_NAME = AccentColor;
				CODE_SIGN_STYLE = Automatic;
				CURRENT_PROJECT_VERSION = 1;
				DEVELOPMENT_ASSET_PATHS = "\"Lemon Squeezy/Preview Content\"";
				DEVELOPMENT_TEAM = XVBJCDZG3F;
				ENABLE_PREVIEWS = YES;
				GENERATE_INFOPLIST_FILE = YES;
				INFOPLIST_KEY_UIApplicationSceneManifest_Generation = YES;
				INFOPLIST_KEY_UIApplicationSupportsIndirectInputEvents = YES;
				INFOPLIST_KEY_UILaunchScreen_Generation = YES;
				INFOPLIST_KEY_UISupportedInterfaceOrientations_iPad = "UIInterfaceOrientationPortrait UIInterfaceOrientationPortraitUpsideDown UIInterfaceOrientationLandscapeLeft UIInterfaceOrientationLandscapeRight";
				INFOPLIST_KEY_UISupportedInterfaceOrientations_iPhone = "UIInterfaceOrientationPortrait UIInterfaceOrientationLandscapeLeft UIInterfaceOrientationLandscapeRight";
				LD_RUNPATH_SEARCH_PATHS = (
					"$(inherited)",
					"@executable_path/Frameworks",
				);
				MARKETING_VERSION = 1.0;
				PRODUCT_BUNDLE_IDENTIFIER = "me.mauryaratan.Lemon-Squeezy";
				PRODUCT_NAME = "$(TARGET_NAME)";
				SWIFT_EMIT_LOC_STRINGS = YES;
				SWIFT_VERSION = 5.0;
				TARGETED_DEVICE_FAMILY = "1,2";
			};
			name = Debug;
		};
		2128D38329501886005B16C2 /* Release */ = {
			isa = XCBuildConfiguration;
			buildSettings = {
				ASSETCATALOG_COMPILER_APPICON_NAME = AppIcon;
				ASSETCATALOG_COMPILER_GLOBAL_ACCENT_COLOR_NAME = AccentColor;
				CODE_SIGN_STYLE = Automatic;
				CURRENT_PROJECT_VERSION = 1;
				DEVELOPMENT_ASSET_PATHS = "\"Lemon Squeezy/Preview Content\"";
				DEVELOPMENT_TEAM = XVBJCDZG3F;
				ENABLE_PREVIEWS = YES;
				GENERATE_INFOPLIST_FILE = YES;
				INFOPLIST_KEY_UIApplicationSceneManifest_Generation = YES;
				INFOPLIST_KEY_UIApplicationSupportsIndirectInputEvents = YES;
				INFOPLIST_KEY_UILaunchScreen_Generation = YES;
				INFOPLIST_KEY_UISupportedInterfaceOrientations_iPad = "UIInterfaceOrientationPortrait UIInterfaceOrientationPortraitUpsideDown UIInterfaceOrientationLandscapeLeft UIInterfaceOrientationLandscapeRight";
				INFOPLIST_KEY_UISupportedInterfaceOrientations_iPhone = "UIInterfaceOrientationPortrait UIInterfaceOrientationLandscapeLeft UIInterfaceOrientationLandscapeRight";
				LD_RUNPATH_SEARCH_PATHS = (
					"$(inherited)",
					"@executable_path/Frameworks",
				);
				MARKETING_VERSION = 1.0;
				PRODUCT_BUNDLE_IDENTIFIER = "me.mauryaratan.Lemon-Squeezy";
				PRODUCT_NAME = "$(TARGET_NAME)";
				SWIFT_EMIT_LOC_STRINGS = YES;
				SWIFT_VERSION = 5.0;
				TARGETED_DEVICE_FAMILY = "1,2";
			};
			name = Release;
		};
/* End XCBuildConfiguration section */

/* Begin XCConfigurationList section */
		2128D36E29501885005B16C2 /* Build configuration list for PBXProject "Lemon Squeezy" */ = {
			isa = XCConfigurationList;
			buildConfigurations = (
				2128D37F29501886005B16C2 /* Debug */,
				2128D38029501886005B16C2 /* Release */,
			);
			defaultConfigurationIsVisible = 0;
			defaultConfigurationName = Release;
		};
		2128D38129501886005B16C2 /* Build configuration list for PBXNativeTarget "Lemon Squeezy" */ = {
			isa = XCConfigurationList;
			buildConfigurations = (
				2128D38229501886005B16C2 /* Debug */,
				2128D38329501886005B16C2 /* Release */,
			);
			defaultConfigurationIsVisible = 0;
			defaultConfigurationName = Release;
		};
/* End XCConfigurationList section */

/* Begin XCSwiftPackageProductDependency section */
		2128D386295018A8005B16C2 /* LemonSqueezy */ = {
			isa = XCSwiftPackageProductDependency;
			productName = LemonSqueezy;
		};
/* End XCSwiftPackageProductDependency section */
	};
	rootObject = 2128D36B29501885005B16C2 /* Project object */;
}
